// !$*UTF8*$!
{
	archiveVersion = 1;
	classes = {
	};
	objectVersion = 56;
	objects = {

/* Begin PBXBuildFile section */
		2C08ABD4292AABD100C36A3C /* GFEmptyStateView.swift in Sources */ = {isa = PBXBuildFile; fileRef = 2C08ABD3292AABD100C36A3C /* GFEmptyStateView.swift */; };
		2C4C4F7429253D8E003CDA5C /* GFAvatarImage.swift in Sources */ = {isa = PBXBuildFile; fileRef = 2C4C4F7329253D8E003CDA5C /* GFAvatarImage.swift */; };
		2CA9DBE82923DB85009538D8 /* AppDelegate.swift in Sources */ = {isa = PBXBuildFile; fileRef = 2CA9DBE72923DB85009538D8 /* AppDelegate.swift */; };
		2CA9DBEA2923DB85009538D8 /* SceneDelegate.swift in Sources */ = {isa = PBXBuildFile; fileRef = 2CA9DBE92923DB85009538D8 /* SceneDelegate.swift */; };
		2CA9DBF12923DB86009538D8 /* Assets.xcassets in Resources */ = {isa = PBXBuildFile; fileRef = 2CA9DBF02923DB86009538D8 /* Assets.xcassets */; };
		2CA9DBF42923DB86009538D8 /* LaunchScreen.storyboard in Resources */ = {isa = PBXBuildFile; fileRef = 2CA9DBF22923DB86009538D8 /* LaunchScreen.storyboard */; };
		2CA9DBFC2923DBD2009538D8 /* SearchVC.swift in Sources */ = {isa = PBXBuildFile; fileRef = 2CA9DBFB2923DBD2009538D8 /* SearchVC.swift */; };
		2CA9DC002923DCC2009538D8 /* GFButton.swift in Sources */ = {isa = PBXBuildFile; fileRef = 2CA9DBFF2923DCC2009538D8 /* GFButton.swift */; };
		2CA9DC022923DCDA009538D8 /* GFTextField.swift in Sources */ = {isa = PBXBuildFile; fileRef = 2CA9DC012923DCDA009538D8 /* GFTextField.swift */; };
		2CA9DC042923E1DE009538D8 /* TabBarVC.swift in Sources */ = {isa = PBXBuildFile; fileRef = 2CA9DC032923E1DE009538D8 /* TabBarVC.swift */; };
		2CA9DC062923E213009538D8 /* FavoritesListVC.swift in Sources */ = {isa = PBXBuildFile; fileRef = 2CA9DC052923E213009538D8 /* FavoritesListVC.swift */; };
		2CA9DC082923E61D009538D8 /* FollowersListVC.swift in Sources */ = {isa = PBXBuildFile; fileRef = 2CA9DC072923E61D009538D8 /* FollowersListVC.swift */; };
		2CA9DC0A2923E75B009538D8 /* GFAlertVC.swift in Sources */ = {isa = PBXBuildFile; fileRef = 2CA9DC092923E75B009538D8 /* GFAlertVC.swift */; };
		2CA9DC0C2923E783009538D8 /* GFTitleLabel.swift in Sources */ = {isa = PBXBuildFile; fileRef = 2CA9DC0B2923E783009538D8 /* GFTitleLabel.swift */; };
		2CA9DC0E2923E78E009538D8 /* GFBodyLabel.swift in Sources */ = {isa = PBXBuildFile; fileRef = 2CA9DC0D2923E78E009538D8 /* GFBodyLabel.swift */; };
		2CA9DC112923EBC4009538D8 /* UIViewController+Extension.swift in Sources */ = {isa = PBXBuildFile; fileRef = 2CA9DC102923EBC4009538D8 /* UIViewController+Extension.swift */; };
		2CA9DC142923EEA7009538D8 /* NetworkManager.swift in Sources */ = {isa = PBXBuildFile; fileRef = 2CA9DC132923EEA7009538D8 /* NetworkManager.swift */; };
		2CA9DC172923EEEC009538D8 /* Follower.swift in Sources */ = {isa = PBXBuildFile; fileRef = 2CA9DC162923EEEC009538D8 /* Follower.swift */; };
		2CA9DC192923F451009538D8 /* GFFollowerCell.swift in Sources */ = {isa = PBXBuildFile; fileRef = 2CA9DC182923F451009538D8 /* GFFollowerCell.swift */; };
		2CC6345F292CD63300CBC1F4 /* ErrorMessage.swift in Sources */ = {isa = PBXBuildFile; fileRef = 2CC6345E292CD63300CBC1F4 /* ErrorMessage.swift */; };
		2CC63461292CD64200CBC1F4 /* UIHelper.swift in Sources */ = {isa = PBXBuildFile; fileRef = 2CC63460292CD64200CBC1F4 /* UIHelper.swift */; };
		2CC63463292CED5200CBC1F4 /* UserInfoVC.swift in Sources */ = {isa = PBXBuildFile; fileRef = 2CC63462292CED5200CBC1F4 /* UserInfoVC.swift */; };
		2CC63465292D00C700CBC1F4 /* User.swift in Sources */ = {isa = PBXBuildFile; fileRef = 2CC63464292D00C700CBC1F4 /* User.swift */; };
		2CC63467292D0ECC00CBC1F4 /* GFSecondaryTitleLabel.swift in Sources */ = {isa = PBXBuildFile; fileRef = 2CC63466292D0ECC00CBC1F4 /* GFSecondaryTitleLabel.swift */; };
		2CC6346B292D105900CBC1F4 /* GFUserInfoHeaderVC.swift in Sources */ = {isa = PBXBuildFile; fileRef = 2CC6346A292D105900CBC1F4 /* GFUserInfoHeaderVC.swift */; };
		2CC6346D292D155500CBC1F4 /* Constants.swift in Sources */ = {isa = PBXBuildFile; fileRef = 2CC6346C292D155500CBC1F4 /* Constants.swift */; };
		2CC6346F292D2C5800CBC1F4 /* GFItemInfoView.swift in Sources */ = {isa = PBXBuildFile; fileRef = 2CC6346E292D2C5800CBC1F4 /* GFItemInfoView.swift */; };
		2CC63471292D2EE600CBC1F4 /* GFItemInfoVC.swift in Sources */ = {isa = PBXBuildFile; fileRef = 2CC63470292D2EE600CBC1F4 /* GFItemInfoVC.swift */; };
		2CC63473292D309200CBC1F4 /* GFRepoItemVC.swift in Sources */ = {isa = PBXBuildFile; fileRef = 2CC63472292D309200CBC1F4 /* GFRepoItemVC.swift */; };
		2CC63475292D30A300CBC1F4 /* GFFollowersItemVC.swift in Sources */ = {isa = PBXBuildFile; fileRef = 2CC63474292D30A300CBC1F4 /* GFFollowersItemVC.swift */; };
		2CC63477292D3BBD00CBC1F4 /* Date+Extension.swift in Sources */ = {isa = PBXBuildFile; fileRef = 2CC63476292D3BBD00CBC1F4 /* Date+Extension.swift */; };
		2CC63479292D401F00CBC1F4 /* String+Extension.swift in Sources */ = {isa = PBXBuildFile; fileRef = 2CC63478292D401F00CBC1F4 /* String+Extension.swift */; };
/* End PBXBuildFile section */

/* Begin PBXFileReference section */
		2C08ABD3292AABD100C36A3C /* GFEmptyStateView.swift */ = {isa = PBXFileReference; lastKnownFileType = sourcecode.swift; path = GFEmptyStateView.swift; sourceTree = "<group>"; };
		2C4C4F7329253D8E003CDA5C /* GFAvatarImage.swift */ = {isa = PBXFileReference; lastKnownFileType = sourcecode.swift; path = GFAvatarImage.swift; sourceTree = "<group>"; };
		2CA9DBE42923DB85009538D8 /* GithubFollowers.app */ = {isa = PBXFileReference; explicitFileType = wrapper.application; includeInIndex = 0; path = GithubFollowers.app; sourceTree = BUILT_PRODUCTS_DIR; };
		2CA9DBE72923DB85009538D8 /* AppDelegate.swift */ = {isa = PBXFileReference; lastKnownFileType = sourcecode.swift; path = AppDelegate.swift; sourceTree = "<group>"; };
		2CA9DBE92923DB85009538D8 /* SceneDelegate.swift */ = {isa = PBXFileReference; lastKnownFileType = sourcecode.swift; path = SceneDelegate.swift; sourceTree = "<group>"; };
		2CA9DBF02923DB86009538D8 /* Assets.xcassets */ = {isa = PBXFileReference; lastKnownFileType = folder.assetcatalog; path = Assets.xcassets; sourceTree = "<group>"; };
		2CA9DBF32923DB86009538D8 /* Base */ = {isa = PBXFileReference; lastKnownFileType = file.storyboard; name = Base; path = Base.lproj/LaunchScreen.storyboard; sourceTree = "<group>"; };
		2CA9DBF52923DB86009538D8 /* Info.plist */ = {isa = PBXFileReference; lastKnownFileType = text.plist.xml; path = Info.plist; sourceTree = "<group>"; };
		2CA9DBFB2923DBD2009538D8 /* SearchVC.swift */ = {isa = PBXFileReference; lastKnownFileType = sourcecode.swift; path = SearchVC.swift; sourceTree = "<group>"; };
		2CA9DBFF2923DCC2009538D8 /* GFButton.swift */ = {isa = PBXFileReference; lastKnownFileType = sourcecode.swift; path = GFButton.swift; sourceTree = "<group>"; };
		2CA9DC012923DCDA009538D8 /* GFTextField.swift */ = {isa = PBXFileReference; lastKnownFileType = sourcecode.swift; path = GFTextField.swift; sourceTree = "<group>"; };
		2CA9DC032923E1DE009538D8 /* TabBarVC.swift */ = {isa = PBXFileReference; lastKnownFileType = sourcecode.swift; path = TabBarVC.swift; sourceTree = "<group>"; };
		2CA9DC052923E213009538D8 /* FavoritesListVC.swift */ = {isa = PBXFileReference; lastKnownFileType = sourcecode.swift; path = FavoritesListVC.swift; sourceTree = "<group>"; };
		2CA9DC072923E61D009538D8 /* FollowersListVC.swift */ = {isa = PBXFileReference; lastKnownFileType = sourcecode.swift; path = FollowersListVC.swift; sourceTree = "<group>"; };
		2CA9DC092923E75B009538D8 /* GFAlertVC.swift */ = {isa = PBXFileReference; lastKnownFileType = sourcecode.swift; path = GFAlertVC.swift; sourceTree = "<group>"; };
		2CA9DC0B2923E783009538D8 /* GFTitleLabel.swift */ = {isa = PBXFileReference; lastKnownFileType = sourcecode.swift; path = GFTitleLabel.swift; sourceTree = "<group>"; };
		2CA9DC0D2923E78E009538D8 /* GFBodyLabel.swift */ = {isa = PBXFileReference; lastKnownFileType = sourcecode.swift; path = GFBodyLabel.swift; sourceTree = "<group>"; };
		2CA9DC102923EBC4009538D8 /* UIViewController+Extension.swift */ = {isa = PBXFileReference; lastKnownFileType = sourcecode.swift; path = "UIViewController+Extension.swift"; sourceTree = "<group>"; };
		2CA9DC132923EEA7009538D8 /* NetworkManager.swift */ = {isa = PBXFileReference; lastKnownFileType = sourcecode.swift; path = NetworkManager.swift; sourceTree = "<group>"; };
		2CA9DC162923EEEC009538D8 /* Follower.swift */ = {isa = PBXFileReference; lastKnownFileType = sourcecode.swift; path = Follower.swift; sourceTree = "<group>"; };
		2CA9DC182923F451009538D8 /* GFFollowerCell.swift */ = {isa = PBXFileReference; lastKnownFileType = sourcecode.swift; path = GFFollowerCell.swift; sourceTree = "<group>"; };
		2CC6345E292CD63300CBC1F4 /* ErrorMessage.swift */ = {isa = PBXFileReference; lastKnownFileType = sourcecode.swift; path = ErrorMessage.swift; sourceTree = "<group>"; };
		2CC63460292CD64200CBC1F4 /* UIHelper.swift */ = {isa = PBXFileReference; lastKnownFileType = sourcecode.swift; path = UIHelper.swift; sourceTree = "<group>"; };
		2CC63462292CED5200CBC1F4 /* UserInfoVC.swift */ = {isa = PBXFileReference; lastKnownFileType = sourcecode.swift; path = UserInfoVC.swift; sourceTree = "<group>"; };
		2CC63464292D00C700CBC1F4 /* User.swift */ = {isa = PBXFileReference; lastKnownFileType = sourcecode.swift; path = User.swift; sourceTree = "<group>"; };
		2CC63466292D0ECC00CBC1F4 /* GFSecondaryTitleLabel.swift */ = {isa = PBXFileReference; lastKnownFileType = sourcecode.swift; path = GFSecondaryTitleLabel.swift; sourceTree = "<group>"; };
		2CC6346A292D105900CBC1F4 /* GFUserInfoHeaderVC.swift */ = {isa = PBXFileReference; lastKnownFileType = sourcecode.swift; path = GFUserInfoHeaderVC.swift; sourceTree = "<group>"; };
		2CC6346C292D155500CBC1F4 /* Constants.swift */ = {isa = PBXFileReference; lastKnownFileType = sourcecode.swift; path = Constants.swift; sourceTree = "<group>"; };
		2CC6346E292D2C5800CBC1F4 /* GFItemInfoView.swift */ = {isa = PBXFileReference; lastKnownFileType = sourcecode.swift; path = GFItemInfoView.swift; sourceTree = "<group>"; };
		2CC63470292D2EE600CBC1F4 /* GFItemInfoVC.swift */ = {isa = PBXFileReference; lastKnownFileType = sourcecode.swift; path = GFItemInfoVC.swift; sourceTree = "<group>"; };
		2CC63472292D309200CBC1F4 /* GFRepoItemVC.swift */ = {isa = PBXFileReference; lastKnownFileType = sourcecode.swift; path = GFRepoItemVC.swift; sourceTree = "<group>"; };
		2CC63474292D30A300CBC1F4 /* GFFollowersItemVC.swift */ = {isa = PBXFileReference; lastKnownFileType = sourcecode.swift; path = GFFollowersItemVC.swift; sourceTree = "<group>"; };
		2CC63476292D3BBD00CBC1F4 /* Date+Extension.swift */ = {isa = PBXFileReference; lastKnownFileType = sourcecode.swift; path = "Date+Extension.swift"; sourceTree = "<group>"; };
		2CC63478292D401F00CBC1F4 /* String+Extension.swift */ = {isa = PBXFileReference; lastKnownFileType = sourcecode.swift; path = "String+Extension.swift"; sourceTree = "<group>"; };
/* End PBXFileReference section */

/* Begin PBXFrameworksBuildPhase section */
		2CA9DBE12923DB85009538D8 /* Frameworks */ = {
			isa = PBXFrameworksBuildPhase;
			buildActionMask = 2147483647;
			files = (
			);
			runOnlyForDeploymentPostprocessing = 0;
		};
/* End PBXFrameworksBuildPhase section */

/* Begin PBXGroup section */
		2C08ABD5292AABDF00C36A3C /* Custom Views */ = {
			isa = PBXGroup;
			children = (
				2C08ABD3292AABD100C36A3C /* GFEmptyStateView.swift */,
				2CC6346E292D2C5800CBC1F4 /* GFItemInfoView.swift */,
			);
			path = "Custom Views";
			sourceTree = "<group>";
		};
		2C08ABD6292AABE900C36A3C /* Labels */ = {
			isa = PBXGroup;
			children = (
				2CA9DC0B2923E783009538D8 /* GFTitleLabel.swift */,
				2CA9DC0D2923E78E009538D8 /* GFBodyLabel.swift */,
				2CC63466292D0ECC00CBC1F4 /* GFSecondaryTitleLabel.swift */,
			);
			path = Labels;
			sourceTree = "<group>";
		};
		2CA9DBDB2923DB85009538D8 = {
			isa = PBXGroup;
			children = (
				2CA9DBE62923DB85009538D8 /* GithubFollowers */,
				2CA9DBE52923DB85009538D8 /* Products */,
			);
			sourceTree = "<group>";
		};
		2CA9DBE52923DB85009538D8 /* Products */ = {
			isa = PBXGroup;
			children = (
				2CA9DBE42923DB85009538D8 /* GithubFollowers.app */,
			);
			name = Products;
			sourceTree = "<group>";
		};
		2CA9DBE62923DB85009538D8 /* GithubFollowers */ = {
			isa = PBXGroup;
			children = (
				2CA9DBE72923DB85009538D8 /* AppDelegate.swift */,
				2CA9DBE92923DB85009538D8 /* SceneDelegate.swift */,
				2CC6345D292CD62500CBC1F4 /* Helper */,
				2CA9DC0F2923EBB6009538D8 /* Extensions */,
				2CA9DC122923EE6C009538D8 /* Network */,
				2CA9DC152923EED4009538D8 /* Model */,
				2CA9DBFE2923DBE0009538D8 /* Views */,
				2CA9DBFD2923DBD8009538D8 /* Controllers */,
				2CA9DBF52923DB86009538D8 /* Info.plist */,
				2CA9DBF02923DB86009538D8 /* Assets.xcassets */,
				2CA9DBF22923DB86009538D8 /* LaunchScreen.storyboard */,
			);
			path = GithubFollowers;
			sourceTree = "<group>";
		};
		2CA9DBFD2923DBD8009538D8 /* Controllers */ = {
			isa = PBXGroup;
			children = (
				2CA9DC032923E1DE009538D8 /* TabBarVC.swift */,
				2CA9DBFB2923DBD2009538D8 /* SearchVC.swift */,
				2CA9DC072923E61D009538D8 /* FollowersListVC.swift */,
				2CA9DC052923E213009538D8 /* FavoritesListVC.swift */,
				2CC63462292CED5200CBC1F4 /* UserInfoVC.swift */,
			);
			path = Controllers;
			sourceTree = "<group>";
		};
		2CA9DBFE2923DBE0009538D8 /* Views */ = {
			isa = PBXGroup;
			children = (
				2CC63468292D103A00CBC1F4 /* ViewControllers */,
				2C08ABD5292AABDF00C36A3C /* Custom Views */,
				2C08ABD6292AABE900C36A3C /* Labels */,
				2CA9DBFF2923DCC2009538D8 /* GFButton.swift */,
				2CA9DC012923DCDA009538D8 /* GFTextField.swift */,
				2CA9DC182923F451009538D8 /* GFFollowerCell.swift */,
				2C4C4F7329253D8E003CDA5C /* GFAvatarImage.swift */,
			);
			path = Views;
			sourceTree = "<group>";
		};
		2CA9DC0F2923EBB6009538D8 /* Extensions */ = {
			isa = PBXGroup;
			children = (
				2CA9DC102923EBC4009538D8 /* UIViewController+Extension.swift */,
				2CC63476292D3BBD00CBC1F4 /* Date+Extension.swift */,
				2CC63478292D401F00CBC1F4 /* String+Extension.swift */,
			);
			path = Extensions;
			sourceTree = "<group>";
		};
		2CA9DC122923EE6C009538D8 /* Network */ = {
			isa = PBXGroup;
			children = (
				2CA9DC132923EEA7009538D8 /* NetworkManager.swift */,
			);
			path = Network;
			sourceTree = "<group>";
		};
		2CA9DC152923EED4009538D8 /* Model */ = {
			isa = PBXGroup;
			children = (
				2CA9DC162923EEEC009538D8 /* Follower.swift */,
				2CC63464292D00C700CBC1F4 /* User.swift */,
			);
			path = Model;
			sourceTree = "<group>";
		};
		2CC6345D292CD62500CBC1F4 /* Helper */ = {
			isa = PBXGroup;
			children = (
				2CC6345E292CD63300CBC1F4 /* ErrorMessage.swift */,
				2CC63460292CD64200CBC1F4 /* UIHelper.swift */,
				2CC6346C292D155500CBC1F4 /* Constants.swift */,
			);
			path = Helper;
			sourceTree = "<group>";
		};
		2CC63468292D103A00CBC1F4 /* ViewControllers */ = {
			isa = PBXGroup;
			children = (
				2CC63469292D104400CBC1F4 /* UserInfo */,
				2CA9DC092923E75B009538D8 /* GFAlertVC.swift */,
			);
			path = ViewControllers;
			sourceTree = "<group>";
		};
		2CC63469292D104400CBC1F4 /* UserInfo */ = {
			isa = PBXGroup;
			children = (
				2CC6346A292D105900CBC1F4 /* GFUserInfoHeaderVC.swift */,
				2CC63470292D2EE600CBC1F4 /* GFItemInfoVC.swift */,
				2CC63472292D309200CBC1F4 /* GFRepoItemVC.swift */,
				2CC63474292D30A300CBC1F4 /* GFFollowersItemVC.swift */,
			);
			path = UserInfo;
			sourceTree = "<group>";
		};
/* End PBXGroup section */

/* Begin PBXNativeTarget section */
		2CA9DBE32923DB85009538D8 /* GithubFollowers */ = {
			isa = PBXNativeTarget;
			buildConfigurationList = 2CA9DBF82923DB86009538D8 /* Build configuration list for PBXNativeTarget "GithubFollowers" */;
			buildPhases = (
				2CA9DBE02923DB85009538D8 /* Sources */,
				2CA9DBE12923DB85009538D8 /* Frameworks */,
				2CA9DBE22923DB85009538D8 /* Resources */,
			);
			buildRules = (
			);
			dependencies = (
			);
			name = GithubFollowers;
			productName = GithubFollowers;
			productReference = 2CA9DBE42923DB85009538D8 /* GithubFollowers.app */;
			productType = "com.apple.product-type.application";
		};
/* End PBXNativeTarget section */

/* Begin PBXProject section */
		2CA9DBDC2923DB85009538D8 /* Project object */ = {
			isa = PBXProject;
			attributes = {
				BuildIndependentTargetsInParallel = 1;
				LastSwiftUpdateCheck = 1410;
				LastUpgradeCheck = 1410;
				TargetAttributes = {
					2CA9DBE32923DB85009538D8 = {
						CreatedOnToolsVersion = 14.1;
					};
				};
			};
			buildConfigurationList = 2CA9DBDF2923DB85009538D8 /* Build configuration list for PBXProject "GithubFollowers" */;
			compatibilityVersion = "Xcode 14.0";
			developmentRegion = en;
			hasScannedForEncodings = 0;
			knownRegions = (
				en,
				Base,
			);
			mainGroup = 2CA9DBDB2923DB85009538D8;
			productRefGroup = 2CA9DBE52923DB85009538D8 /* Products */;
			projectDirPath = "";
			projectRoot = "";
			targets = (
				2CA9DBE32923DB85009538D8 /* GithubFollowers */,
			);
		};
/* End PBXProject section */

/* Begin PBXResourcesBuildPhase section */
		2CA9DBE22923DB85009538D8 /* Resources */ = {
			isa = PBXResourcesBuildPhase;
			buildActionMask = 2147483647;
			files = (
				2CA9DBF42923DB86009538D8 /* LaunchScreen.storyboard in Resources */,
				2CA9DBF12923DB86009538D8 /* Assets.xcassets in Resources */,
			);
			runOnlyForDeploymentPostprocessing = 0;
		};
/* End PBXResourcesBuildPhase section */

/* Begin PBXSourcesBuildPhase section */
		2CA9DBE02923DB85009538D8 /* Sources */ = {
			isa = PBXSourcesBuildPhase;
			buildActionMask = 2147483647;
			files = (
				2CA9DC112923EBC4009538D8 /* UIViewController+Extension.swift in Sources */,
				2CA9DC172923EEEC009538D8 /* Follower.swift in Sources */,
				2CA9DBFC2923DBD2009538D8 /* SearchVC.swift in Sources */,
				2CA9DBE82923DB85009538D8 /* AppDelegate.swift in Sources */,
				2CC6345F292CD63300CBC1F4 /* ErrorMessage.swift in Sources */,
				2CA9DC142923EEA7009538D8 /* NetworkManager.swift in Sources */,
				2CA9DC082923E61D009538D8 /* FollowersListVC.swift in Sources */,
				2CA9DC022923DCDA009538D8 /* GFTextField.swift in Sources */,
				2C08ABD4292AABD100C36A3C /* GFEmptyStateView.swift in Sources */,
				2CA9DC0A2923E75B009538D8 /* GFAlertVC.swift in Sources */,
				2CA9DC002923DCC2009538D8 /* GFButton.swift in Sources */,
				2CA9DC0E2923E78E009538D8 /* GFBodyLabel.swift in Sources */,
				2CC63473292D309200CBC1F4 /* GFRepoItemVC.swift in Sources */,
				2CA9DC042923E1DE009538D8 /* TabBarVC.swift in Sources */,
				2CA9DC192923F451009538D8 /* GFFollowerCell.swift in Sources */,
				2CA9DC062923E213009538D8 /* FavoritesListVC.swift in Sources */,
				2CC63477292D3BBD00CBC1F4 /* Date+Extension.swift in Sources */,
				2CC6346B292D105900CBC1F4 /* GFUserInfoHeaderVC.swift in Sources */,
				2CC63467292D0ECC00CBC1F4 /* GFSecondaryTitleLabel.swift in Sources */,
				2CC63461292CD64200CBC1F4 /* UIHelper.swift in Sources */,
				2CC63471292D2EE600CBC1F4 /* GFItemInfoVC.swift in Sources */,
				2CC63475292D30A300CBC1F4 /* GFFollowersItemVC.swift in Sources */,
				2C4C4F7429253D8E003CDA5C /* GFAvatarImage.swift in Sources */,
				2CA9DC0C2923E783009538D8 /* GFTitleLabel.swift in Sources */,
				2CA9DBEA2923DB85009538D8 /* SceneDelegate.swift in Sources */,
				2CC63463292CED5200CBC1F4 /* UserInfoVC.swift in Sources */,
				2CC6346F292D2C5800CBC1F4 /* GFItemInfoView.swift in Sources */,
				2CC63465292D00C700CBC1F4 /* User.swift in Sources */,
				2CC63479292D401F00CBC1F4 /* String+Extension.swift in Sources */,
				2CC6346D292D155500CBC1F4 /* Constants.swift in Sources */,
			);
			runOnlyForDeploymentPostprocessing = 0;
		};
/* End PBXSourcesBuildPhase section */

/* Begin PBXVariantGroup section */
		2CA9DBF22923DB86009538D8 /* LaunchScreen.storyboard */ = {
			isa = PBXVariantGroup;
			children = (
				2CA9DBF32923DB86009538D8 /* Base */,
			);
			name = LaunchScreen.storyboard;
			sourceTree = "<group>";
		};
/* End PBXVariantGroup section */

/* Begin XCBuildConfiguration section */
		2CA9DBF62923DB86009538D8 /* Debug */ = {
			isa = XCBuildConfiguration;
			buildSettings = {
				ALWAYS_SEARCH_USER_PATHS = NO;
				CLANG_ANALYZER_NONNULL = YES;
				CLANG_ANALYZER_NUMBER_OBJECT_CONVERSION = YES_AGGRESSIVE;
				CLANG_CXX_LANGUAGE_STANDARD = "gnu++20";
				CLANG_ENABLE_MODULES = YES;
				CLANG_ENABLE_OBJC_ARC = YES;
				CLANG_ENABLE_OBJC_WEAK = YES;
				CLANG_WARN_BLOCK_CAPTURE_AUTORELEASING = YES;
				CLANG_WARN_BOOL_CONVERSION = YES;
				CLANG_WARN_COMMA = YES;
				CLANG_WARN_CONSTANT_CONVERSION = YES;
				CLANG_WARN_DEPRECATED_OBJC_IMPLEMENTATIONS = YES;
				CLANG_WARN_DIRECT_OBJC_ISA_USAGE = YES_ERROR;
				CLANG_WARN_DOCUMENTATION_COMMENTS = YES;
				CLANG_WARN_EMPTY_BODY = YES;
				CLANG_WARN_ENUM_CONVERSION = YES;
				CLANG_WARN_INFINITE_RECURSION = YES;
				CLANG_WARN_INT_CONVERSION = YES;
				CLANG_WARN_NON_LITERAL_NULL_CONVERSION = YES;
				CLANG_WARN_OBJC_IMPLICIT_RETAIN_SELF = YES;
				CLANG_WARN_OBJC_LITERAL_CONVERSION = YES;
				CLANG_WARN_OBJC_ROOT_CLASS = YES_ERROR;
				CLANG_WARN_QUOTED_INCLUDE_IN_FRAMEWORK_HEADER = YES;
				CLANG_WARN_RANGE_LOOP_ANALYSIS = YES;
				CLANG_WARN_STRICT_PROTOTYPES = YES;
				CLANG_WARN_SUSPICIOUS_MOVE = YES;
				CLANG_WARN_UNGUARDED_AVAILABILITY = YES_AGGRESSIVE;
				CLANG_WARN_UNREACHABLE_CODE = YES;
				CLANG_WARN__DUPLICATE_METHOD_MATCH = YES;
				COPY_PHASE_STRIP = NO;
				DEBUG_INFORMATION_FORMAT = dwarf;
				ENABLE_STRICT_OBJC_MSGSEND = YES;
				ENABLE_TESTABILITY = YES;
				GCC_C_LANGUAGE_STANDARD = gnu11;
				GCC_DYNAMIC_NO_PIC = NO;
				GCC_NO_COMMON_BLOCKS = YES;
				GCC_OPTIMIZATION_LEVEL = 0;
				GCC_PREPROCESSOR_DEFINITIONS = (
					"DEBUG=1",
					"$(inherited)",
				);
				GCC_WARN_64_TO_32_BIT_CONVERSION = YES;
				GCC_WARN_ABOUT_RETURN_TYPE = YES_ERROR;
				GCC_WARN_UNDECLARED_SELECTOR = YES;
				GCC_WARN_UNINITIALIZED_AUTOS = YES_AGGRESSIVE;
				GCC_WARN_UNUSED_FUNCTION = YES;
				GCC_WARN_UNUSED_VARIABLE = YES;
				IPHONEOS_DEPLOYMENT_TARGET = 16.1;
				MTL_ENABLE_DEBUG_INFO = INCLUDE_SOURCE;
				MTL_FAST_MATH = YES;
				ONLY_ACTIVE_ARCH = YES;
				SDKROOT = iphoneos;
				SWIFT_ACTIVE_COMPILATION_CONDITIONS = DEBUG;
				SWIFT_OPTIMIZATION_LEVEL = "-Onone";
			};
			name = Debug;
		};
		2CA9DBF72923DB86009538D8 /* Release */ = {
			isa = XCBuildConfiguration;
			buildSettings = {
				ALWAYS_SEARCH_USER_PATHS = NO;
				CLANG_ANALYZER_NONNULL = YES;
				CLANG_ANALYZER_NUMBER_OBJECT_CONVERSION = YES_AGGRESSIVE;
				CLANG_CXX_LANGUAGE_STANDARD = "gnu++20";
				CLANG_ENABLE_MODULES = YES;
				CLANG_ENABLE_OBJC_ARC = YES;
				CLANG_ENABLE_OBJC_WEAK = YES;
				CLANG_WARN_BLOCK_CAPTURE_AUTORELEASING = YES;
				CLANG_WARN_BOOL_CONVERSION = YES;
				CLANG_WARN_COMMA = YES;
				CLANG_WARN_CONSTANT_CONVERSION = YES;
				CLANG_WARN_DEPRECATED_OBJC_IMPLEMENTATIONS = YES;
				CLANG_WARN_DIRECT_OBJC_ISA_USAGE = YES_ERROR;
				CLANG_WARN_DOCUMENTATION_COMMENTS = YES;
				CLANG_WARN_EMPTY_BODY = YES;
				CLANG_WARN_ENUM_CONVERSION = YES;
				CLANG_WARN_INFINITE_RECURSION = YES;
				CLANG_WARN_INT_CONVERSION = YES;
				CLANG_WARN_NON_LITERAL_NULL_CONVERSION = YES;
				CLANG_WARN_OBJC_IMPLICIT_RETAIN_SELF = YES;
				CLANG_WARN_OBJC_LITERAL_CONVERSION = YES;
				CLANG_WARN_OBJC_ROOT_CLASS = YES_ERROR;
				CLANG_WARN_QUOTED_INCLUDE_IN_FRAMEWORK_HEADER = YES;
				CLANG_WARN_RANGE_LOOP_ANALYSIS = YES;
				CLANG_WARN_STRICT_PROTOTYPES = YES;
				CLANG_WARN_SUSPICIOUS_MOVE = YES;
				CLANG_WARN_UNGUARDED_AVAILABILITY = YES_AGGRESSIVE;
				CLANG_WARN_UNREACHABLE_CODE = YES;
				CLANG_WARN__DUPLICATE_METHOD_MATCH = YES;
				COPY_PHASE_STRIP = NO;
				DEBUG_INFORMATION_FORMAT = "dwarf-with-dsym";
				ENABLE_NS_ASSERTIONS = NO;
				ENABLE_STRICT_OBJC_MSGSEND = YES;
				GCC_C_LANGUAGE_STANDARD = gnu11;
				GCC_NO_COMMON_BLOCKS = YES;
				GCC_WARN_64_TO_32_BIT_CONVERSION = YES;
				GCC_WARN_ABOUT_RETURN_TYPE = YES_ERROR;
				GCC_WARN_UNDECLARED_SELECTOR = YES;
				GCC_WARN_UNINITIALIZED_AUTOS = YES_AGGRESSIVE;
				GCC_WARN_UNUSED_FUNCTION = YES;
				GCC_WARN_UNUSED_VARIABLE = YES;
				IPHONEOS_DEPLOYMENT_TARGET = 16.1;
				MTL_ENABLE_DEBUG_INFO = NO;
				MTL_FAST_MATH = YES;
				SDKROOT = iphoneos;
				SWIFT_COMPILATION_MODE = wholemodule;
				SWIFT_OPTIMIZATION_LEVEL = "-O";
				VALIDATE_PRODUCT = YES;
			};
			name = Release;
		};
		2CA9DBF92923DB86009538D8 /* Debug */ = {
			isa = XCBuildConfiguration;
			buildSettings = {
				ASSETCATALOG_COMPILER_APPICON_NAME = AppIcon;
				ASSETCATALOG_COMPILER_GLOBAL_ACCENT_COLOR_NAME = AccentColor;
				CODE_SIGN_STYLE = Automatic;
				CURRENT_PROJECT_VERSION = 1;
				DEVELOPMENT_TEAM = 49Z33V7QZW;
				GENERATE_INFOPLIST_FILE = YES;
				INFOPLIST_FILE = GithubFollowers/Info.plist;
				INFOPLIST_KEY_UIApplicationSupportsIndirectInputEvents = YES;
				INFOPLIST_KEY_UILaunchStoryboardName = LaunchScreen;
				INFOPLIST_KEY_UIMainStoryboardFile = "";
				INFOPLIST_KEY_UISupportedInterfaceOrientations = UIInterfaceOrientationPortrait;
				INFOPLIST_KEY_UISupportedInterfaceOrientations_iPad = "UIInterfaceOrientationLandscapeLeft UIInterfaceOrientationLandscapeRight UIInterfaceOrientationPortrait UIInterfaceOrientationPortraitUpsideDown";
				IPHONEOS_DEPLOYMENT_TARGET = 13.0;
				LD_RUNPATH_SEARCH_PATHS = (
					"$(inherited)",
					"@executable_path/Frameworks",
				);
				MARKETING_VERSION = 1.0;
				PRODUCT_BUNDLE_IDENTIFIER = com.sameddagl.GithubFollowers;
				PRODUCT_NAME = "$(TARGET_NAME)";
				SUPPORTED_PLATFORMS = "iphoneos iphonesimulator";
				SUPPORTS_MACCATALYST = NO;
				SUPPORTS_MAC_DESIGNED_FOR_IPHONE_IPAD = NO;
				SWIFT_EMIT_LOC_STRINGS = YES;
				SWIFT_VERSION = 5.0;
				TARGETED_DEVICE_FAMILY = 1;
			};
			name = Debug;
		};
		2CA9DBFA2923DB86009538D8 /* Release */ = {
			isa = XCBuildConfiguration;
			buildSettings = {
				ASSETCATALOG_COMPILER_APPICON_NAME = AppIcon;
				ASSETCATALOG_COMPILER_GLOBAL_ACCENT_COLOR_NAME = AccentColor;
				CODE_SIGN_STYLE = Automatic;
				CURRENT_PROJECT_VERSION = 1;
				DEVELOPMENT_TEAM = 49Z33V7QZW;
				GENERATE_INFOPLIST_FILE = YES;
				INFOPLIST_FILE = GithubFollowers/Info.plist;
				INFOPLIST_KEY_UIApplicationSupportsIndirectInputEvents = YES;
				INFOPLIST_KEY_UILaunchStoryboardName = LaunchScreen;
				INFOPLIST_KEY_UIMainStoryboardFile = "";
				INFOPLIST_KEY_UISupportedInterfaceOrientations = UIInterfaceOrientationPortrait;
				INFOPLIST_KEY_UISupportedInterfaceOrientations_iPad = "UIInterfaceOrientationLandscapeLeft UIInterfaceOrientationLandscapeRight UIInterfaceOrientationPortrait UIInterfaceOrientationPortraitUpsideDown";
				IPHONEOS_DEPLOYMENT_TARGET = 13.0;
				LD_RUNPATH_SEARCH_PATHS = (
					"$(inherited)",
					"@executable_path/Frameworks",
				);
				MARKETING_VERSION = 1.0;
				PRODUCT_BUNDLE_IDENTIFIER = com.sameddagl.GithubFollowers;
				PRODUCT_NAME = "$(TARGET_NAME)";
				SUPPORTED_PLATFORMS = "iphoneos iphonesimulator";
				SUPPORTS_MACCATALYST = NO;
				SUPPORTS_MAC_DESIGNED_FOR_IPHONE_IPAD = NO;
				SWIFT_EMIT_LOC_STRINGS = YES;
				SWIFT_VERSION = 5.0;
				TARGETED_DEVICE_FAMILY = 1;
			};
			name = Release;
		};
/* End XCBuildConfiguration section */

/* Begin XCConfigurationList section */
		2CA9DBDF2923DB85009538D8 /* Build configuration list for PBXProject "GithubFollowers" */ = {
			isa = XCConfigurationList;
			buildConfigurations = (
				2CA9DBF62923DB86009538D8 /* Debug */,
				2CA9DBF72923DB86009538D8 /* Release */,
			);
			defaultConfigurationIsVisible = 0;
			defaultConfigurationName = Release;
		};
		2CA9DBF82923DB86009538D8 /* Build configuration list for PBXNativeTarget "GithubFollowers" */ = {
			isa = XCConfigurationList;
			buildConfigurations = (
				2CA9DBF92923DB86009538D8 /* Debug */,
				2CA9DBFA2923DB86009538D8 /* Release */,
			);
			defaultConfigurationIsVisible = 0;
			defaultConfigurationName = Release;
		};
/* End XCConfigurationList section */
	};
	rootObject = 2CA9DBDC2923DB85009538D8 /* Project object */;
}
